
Microsoft Visual Studio Solution File, Format Version 12.00
# Visual Studio 2013
VisualStudioVersion = 12.0.30110.0
MinimumVisualStudioVersion = 10.0.40219.1
Project("{FAE04EC0-301F-11D3-BF4B-00C04F79EFBC}") = "Leaguer.Repositories", "Leaguer.Repositories\Leaguer.Repositories.csproj", "{B6A67825-B970-4535-A758-09697F1322A4}"
EndProject
Project("{FAE04EC0-301F-11D3-BF4B-00C04F79EFBC}") = "Leaguer.Repositories.Ef", "Leaguer.Repositories.Ef\Leaguer.Repositories.Ef.csproj", "{8C068D76-B0BC-4381-B3EC-458FCE9D2029}"
EndProject
Project("{FAE04EC0-301F-11D3-BF4B-00C04F79EFBC}") = "Leaguer.Api", "Leaguer.Api\Leaguer.Api.csproj", "{85AC8FBB-5D02-45BE-BC16-0FCEEE939467}"
EndProject
Global
	GlobalSection(SolutionConfigurationPlatforms) = preSolution
		Debug|Any CPU = Debug|Any CPU
		Release|Any CPU = Release|Any CPU
	EndGlobalSection
	GlobalSection(ProjectConfigurationPlatforms) = postSolution
		{B6A67825-B970-4535-A758-09697F1322A4}.Debug|Any CPU.ActiveCfg = Debug|Any CPU
		{B6A67825-B970-4535-A758-09697F1322A4}.Debug|Any CPU.Build.0 = Debug|Any CPU
		{B6A67825-B970-4535-A758-09697F1322A4}.Release|Any CPU.ActiveCfg = Release|Any CPU
		{B6A67825-B970-4535-A758-09697F1322A4}.Release|Any CPU.Build.0 = Release|Any CPU
		{8C068D76-B0BC-4381-B3EC-458FCE9D2029}.Debug|Any CPU.ActiveCfg = Debug|Any CPU
		{8C068D76-B0BC-4381-B3EC-458FCE9D2029}.Debug|Any CPU.Build.0 = Debug|Any CPU
		{8C068D76-B0BC-4381-B3EC-458FCE9D2029}.Release|Any CPU.ActiveCfg = Release|Any CPU
		{8C068D76-B0BC-4381-B3EC-458FCE9D2029}.Release|Any CPU.Build.0 = Release|Any CPU
		{85AC8FBB-5D02-45BE-BC16-0FCEEE939467}.Debug|Any CPU.ActiveCfg = Debug|Any CPU
		{85AC8FBB-5D02-45BE-BC16-0FCEEE939467}.Debug|Any CPU.Build.0 = Debug|Any CPU
		{85AC8FBB-5D02-45BE-BC16-0FCEEE939467}.Release|Any CPU.ActiveCfg = Release|Any CPU
		{85AC8FBB-5D02-45BE-BC16-0FCEEE939467}.Release|Any CPU.Build.0 = Release|Any CPU
	EndGlobalSection
	GlobalSection(SolutionProperties) = preSolution
		HideSolutionNode = FALSE
	EndGlobalSection
EndGlobal
